
Microsoft Visual Studio Solution File, Format Version 12.00
# Visual Studio Version 16
VisualStudioVersion = 16.0.30611.23
MinimumVisualStudioVersion = 10.0.40219.1
Project("{FAE04EC0-301F-11D3-BF4B-00C04F79EFBC}") = "BulkyBook", "BulkyBook.csproj", "{DCDD989A-38CE-4561-A7C4-5C7A74CC7A1F}"
EndProject
Global
	GlobalSection(SolutionConfigurationPlatforms) = preSolution
		Debug|Any CPU = Debug|Any CPU
		Release|Any CPU = Release|Any CPU
	EndGlobalSection
	GlobalSection(ProjectConfigurationPlatforms) = postSolution
		{DCDD989A-38CE-4561-A7C4-5C7A74CC7A1F}.Debug|Any CPU.ActiveCfg = Debug|Any CPU
		{DCDD989A-38CE-4561-A7C4-5C7A74CC7A1F}.Debug|Any CPU.Build.0 = Debug|Any CPU
		{DCDD989A-38CE-4561-A7C4-5C7A74CC7A1F}.Release|Any CPU.ActiveCfg = Release|Any CPU
		{DCDD989A-38CE-4561-A7C4-5C7A74CC7A1F}.Release|Any CPU.Build.0 = Release|Any CPU
	EndGlobalSection
	GlobalSection(SolutionProperties) = preSolution
		HideSolutionNode = FALSE
	EndGlobalSection
	GlobalSection(ExtensibilityGlobals) = postSolution
		SolutionGuid = {559F3ACA-270F-4E49-A5E5-57CCF5072EE9}
	EndGlobalSection
EndGlobal
